# This file is autogenerated, do not edit; changes may be undone by the next 'dep ensure'.


[[projects]]
  name = "cloud.google.com/go"
  packages = ["compute/metadata"]
  revision = "0fd7230b2a7505833d5f69b75cbd6c9582401479"
  version = "v0.23.0"

[[projects]]
  name = "github.com/BurntSushi/toml"
  packages = ["."]
  revision = "b26d9c308763d68093482582cea63d69be07a0f0"
  version = "v0.3.0"

[[projects]]
  name = "github.com/bitly/go-simplejson"
  packages = ["."]
  revision = "aabad6e819789e569bd6aabf444c935aa9ba1e44"
  version = "v0.5.0"

[[projects]]
  branch = "v2"
  name = "github.com/coreos/go-oidc"
  packages = ["."]
  revision = "8ae1da518bd4d9d5a5909090a184af30f336436d"

[[projects]]
  name = "github.com/davecgh/go-spew"
  packages = ["spew"]
  revision = "346938d642f2ec3594ed81d874461961cd0faa76"
  version = "v1.1.0"

[[projects]]
  name = "github.com/golang/protobuf"
  packages = ["proto"]
  revision = "b4deda0973fb4c70b50d226b1af49f3da59f5265"
  version = "v1.1.0"

[[projects]]
  name = "github.com/mbland/hmacauth"
  packages = ["."]
  revision = "107c17adcc5eccc9935cd67d9bc2feaf5255d2cb"
  version = "1.0.2"

[[projects]]
  branch = "master"
  name = "github.com/mreiferson/go-options"
  packages = ["."]
  revision = "77551d20752b54535462404ad9d877ebdb26e53d"

[[projects]]
  name = "github.com/pmezard/go-difflib"
  packages = ["difflib"]
  revision = "792786c7400a136282c1664665ae0a8db921c6c2"
  version = "v1.0.0"

[[projects]]
  branch = "master"
  name = "github.com/pquerna/cachecontrol"
  packages = [
    ".",
    "cacheobject"
  ]
  revision = "1555304b9b35fdd2b425bccf1a5613677705e7d0"

[[projects]]
  name = "github.com/stretchr/testify"
  packages = ["assert"]
  revision = "69483b4bd14f5845b5a1e55bca19e954e827f1d0"
  version = "v1.1.4"

[[projects]]
  branch = "master"
  name = "golang.org/x/crypto"
  packages = [
    "bcrypt",
    "blowfish",
    "ed25519",
    "ed25519/internal/edwards25519"
  ]
  revision = "df8d4716b3472e4a531c33cedbe537dae921a1a9"

[[projects]]
  branch = "master"
  name = "golang.org/x/net"
  packages = [
    "context",
    "context/ctxhttp"
  ]
  revision = "1e491301e022f8f977054da4c2d852decd59571f"

[[projects]]
  branch = "master"
  name = "golang.org/x/oauth2"
  packages = [
    ".",
    "google",
    "internal",
    "jws",
    "jwt"
  ]
  revision = "1e0a3fa8ba9a5c9eb35c271780101fdaf1b205d7"

[[projects]]
  branch = "master"
  name = "golang.org/x/sys"
  packages = ["unix"]
  revision = "c11f84a56e43e20a78cee75a7c034031ecf57d1f"

[[projects]]
  branch = "master"
  name = "google.golang.org/api"
  packages = [
    "admin/directory/v1",
    "gensupport",
    "googleapi",
    "googleapi/internal/uritemplates"
  ]
  revision = "00e3bb8d04691e25ee2fccf98c866bcb7925c3ec"

[[projects]]
  name = "google.golang.org/appengine"
  packages = [
    ".",
    "internal",
    "internal/app_identity",
    "internal/base",
    "internal/datastore",
    "internal/log",
    "internal/modules",
    "internal/remote_api",
    "internal/urlfetch",
    "urlfetch"
  ]
  revision = "150dc57a1b433e64154302bdc40b6bb8aefa313a"
  version = "v1.0.0"

[[projects]]
  name = "gopkg.in/fsnotify.v1"
  packages = ["."]
  revision = "c2828203cd70a50dcccfb2761f8b1f8ceef9a8e9"
  source = "github.com/fsnotify/fsnotify"
  version = "v1.4.7"

[[projects]]
  name = "gopkg.in/square/go-jose.v2"
  packages = [
    ".",
    "cipher",
    "json"
  ]
  revision = "76dd09796242edb5b897103a75df2645c028c960"
  version = "v2.1.6"

[solve-meta]
  analyzer-name = "dep"
  analyzer-version = 1
  inputs-digest = "d4356d0378f4d3ec00c90e3fa1a81fdaeaed6ccd9f3d908b1d2712012a48cd3d"
  solver-name = "gps-cdcl"
  solver-version = 1
